
Microsoft Visual Studio Solution File, Format Version 12.00
# Visual Studio 15
VisualStudioVersion = 15.0.27703.2026
MinimumVisualStudioVersion = 10.0.40219.1
Project("{9A19103F-16F7-4668-BE54-9A1E7A4F7556}") = "Tweepics.Core", "Tweepics.Core\Tweepics.Core.csproj", "{4918F6F0-6759-43D7-A2AF-ECC30E4396A7}"
EndProject
Project("{FAE04EC0-301F-11D3-BF4B-00C04F79EFBC}") = "Tweepics.Web", "Tweepics.Web\Tweepics.Web.csproj", "{50EFC9AA-13F5-4DF8-AA0F-6900E92CCBDA}"
EndProject
Global
	GlobalSection(SolutionConfigurationPlatforms) = preSolution
		Debug|Any CPU = Debug|Any CPU
		Release|Any CPU = Release|Any CPU
	EndGlobalSection
	GlobalSection(ProjectConfigurationPlatforms) = postSolution
		{4918F6F0-6759-43D7-A2AF-ECC30E4396A7}.Debug|Any CPU.ActiveCfg = Debug|Any CPU
		{4918F6F0-6759-43D7-A2AF-ECC30E4396A7}.Debug|Any CPU.Build.0 = Debug|Any CPU
		{4918F6F0-6759-43D7-A2AF-ECC30E4396A7}.Release|Any CPU.ActiveCfg = Release|Any CPU
		{4918F6F0-6759-43D7-A2AF-ECC30E4396A7}.Release|Any CPU.Build.0 = Release|Any CPU
		{50EFC9AA-13F5-4DF8-AA0F-6900E92CCBDA}.Debug|Any CPU.ActiveCfg = Debug|Any CPU
		{50EFC9AA-13F5-4DF8-AA0F-6900E92CCBDA}.Debug|Any CPU.Build.0 = Debug|Any CPU
		{50EFC9AA-13F5-4DF8-AA0F-6900E92CCBDA}.Release|Any CPU.ActiveCfg = Release|Any CPU
		{50EFC9AA-13F5-4DF8-AA0F-6900E92CCBDA}.Release|Any CPU.Build.0 = Release|Any CPU
	EndGlobalSection
	GlobalSection(SolutionProperties) = preSolution
		HideSolutionNode = FALSE
	EndGlobalSection
	GlobalSection(ExtensibilityGlobals) = postSolution
		SolutionGuid = {879529EF-F996-4089-8F0D-D07F65A055A8}
	EndGlobalSection
EndGlobal
